
Microsoft Visual Studio Solution File, Format Version 12.00
# Visual Studio Version 17
VisualStudioVersion = 17.4.33213.308
MinimumVisualStudioVersion = 10.0.40219.1
Project("{FAE04EC0-301F-11D3-BF4B-00C04F79EFBC}") = "ListvsArrayList", "ListvsArrayList\ListvsArrayList.csproj", "{867D453D-C947-48B4-95CD-EAAF8D772B74}"
EndProject
Global
	GlobalSection(SolutionConfigurationPlatforms) = preSolution
		Debug|Any CPU = Debug|Any CPU
		Release|Any CPU = Release|Any CPU
	EndGlobalSection
	GlobalSection(ProjectConfigurationPlatforms) = postSolution
		{867D453D-C947-48B4-95CD-EAAF8D772B74}.Debug|Any CPU.ActiveCfg = Debug|Any CPU
		{867D453D-C947-48B4-95CD-EAAF8D772B74}.Debug|Any CPU.Build.0 = Debug|Any CPU
		{867D453D-C947-48B4-95CD-EAAF8D772B74}.Release|Any CPU.ActiveCfg = Release|Any CPU
		{867D453D-C947-48B4-95CD-EAAF8D772B74}.Release|Any CPU.Build.0 = Release|Any CPU
	EndGlobalSection
	GlobalSection(SolutionProperties) = preSolution
		HideSolutionNode = FALSE
	EndGlobalSection
	GlobalSection(ExtensibilityGlobals) = postSolution
		SolutionGuid = {DECCEF4C-3FD6-4732-87CF-34CB12DBF3E3}
	EndGlobalSection
EndGlobal
